
Microsoft Visual Studio Solution File, Format Version 12.00
# Visual Studio 15
VisualStudioVersion = 15.0.28307.168
MinimumVisualStudioVersion = 10.0.40219.1
Project("{9A19103F-16F7-4668-BE54-9A1E7A4F7556}") = "Micro.Client", "Micro.Client\Micro.Client.csproj", "{DCA73F0B-C50B-4805-BC2D-6A25E19C956B}"
EndProject
Global
	GlobalSection(SolutionConfigurationPlatforms) = preSolution
		Debug|Any CPU = Debug|Any CPU
		Release|Any CPU = Release|Any CPU
	EndGlobalSection
	GlobalSection(ProjectConfigurationPlatforms) = postSolution
		{DCA73F0B-C50B-4805-BC2D-6A25E19C956B}.Debug|Any CPU.ActiveCfg = Debug|Any CPU
		{DCA73F0B-C50B-4805-BC2D-6A25E19C956B}.Debug|Any CPU.Build.0 = Debug|Any CPU
		{DCA73F0B-C50B-4805-BC2D-6A25E19C956B}.Release|Any CPU.ActiveCfg = Release|Any CPU
		{DCA73F0B-C50B-4805-BC2D-6A25E19C956B}.Release|Any CPU.Build.0 = Release|Any CPU
	EndGlobalSection
	GlobalSection(SolutionProperties) = preSolution
		HideSolutionNode = FALSE
	EndGlobalSection
	GlobalSection(ExtensibilityGlobals) = postSolution
		SolutionGuid = {E964C940-8DC7-458D-B5AF-C617E944B8A4}
	EndGlobalSection
EndGlobal
